
Microsoft Visual Studio Solution File, Format Version 12.00
# Visual Studio Version 17
VisualStudioVersion = 17.1.32421.90
MinimumVisualStudioVersion = 10.0.40219.1
Project("{FAE04EC0-301F-11D3-BF4B-00C04F79EFBC}") = "MyFirstWpfApp", "MyFirstWpfApp\MyFirstWpfApp.csproj", "{19AAA709-716B-4BFD-A785-E25A61CF93E6}"
EndProject
Global
	GlobalSection(SolutionConfigurationPlatforms) = preSolution
		Debug|Any CPU = Debug|Any CPU
		Release|Any CPU = Release|Any CPU
	EndGlobalSection
	GlobalSection(ProjectConfigurationPlatforms) = postSolution
		{19AAA709-716B-4BFD-A785-E25A61CF93E6}.Debug|Any CPU.ActiveCfg = Debug|Any CPU
		{19AAA709-716B-4BFD-A785-E25A61CF93E6}.Debug|Any CPU.Build.0 = Debug|Any CPU
		{19AAA709-716B-4BFD-A785-E25A61CF93E6}.Release|Any CPU.ActiveCfg = Release|Any CPU
		{19AAA709-716B-4BFD-A785-E25A61CF93E6}.Release|Any CPU.Build.0 = Release|Any CPU
	EndGlobalSection
	GlobalSection(SolutionProperties) = preSolution
		HideSolutionNode = FALSE
	EndGlobalSection
	GlobalSection(ExtensibilityGlobals) = postSolution
		SolutionGuid = {EB566E40-8A4A-473A-97D3-AF60B569ADBB}
	EndGlobalSection
EndGlobal
